// !$*UTF8*$!
{
	archiveVersion = 1;
	classes = {
	};
	objectVersion = 42;
	objects = {

/* Begin PBXBuildFile section */
		5D02D0322D19F7BF0030B544 /* FTPBrowserController.m in Sources */ = {isa = PBXBuildFile; fileRef = 5D02D0312D19F7BF0030B544 /* FTPBrowserController.m */; };
		5D0D4C182D16EC8A00BB9BA8 /* NetworkStatusController.m in Sources */ = {isa = PBXBuildFile; fileRef = 5D0D4C162D16EC8A00BB9BA8 /* NetworkStatusController.m */; };
		5D12D8532D174DF900CA148D /* IRCClient.m in Sources */ = {isa = PBXBuildFile; fileRef = 5D12D8522D174DF900CA148D /* IRCClient.m */; };
		5D6A46752D1994F90001639D /* FTPClient.m in Sources */ = {isa = PBXBuildFile; fileRef = 5D6A46732D1994F90001639D /* FTPClient.m */; };
		5D7011E32D17A77E00DEA217 /* Logger.m in Sources */ = {isa = PBXBuildFile; fileRef = 5D7011E22D17A77E00DEA217 /* Logger.m */; };
		5DA3B6FF2D19A2D80088147D /* CoreServices.framework in Frameworks */ = {isa = PBXBuildFile; fileRef = 5DA3B6FE2D19A2D80088147D /* CoreServices.framework */; };
		5DB07EE82D2C64D4009ED038 /* DownloadViewController.m in Sources */ = {isa = PBXBuildFile; fileRef = 5DB07EE72D2C64D4009ED038 /* DownloadViewController.m */; };
		5DC443FA2D1655CA00A6B02A /* Controller.m in Sources */ = {isa = PBXBuildFile; fileRef = 5DC443F62D1655CA00A6B02A /* Controller.m */; };
		5DC443FB2D1655CA00A6B02A /* TCPClient.m in Sources */ = {isa = PBXBuildFile; fileRef = 5DC443F82D1655CA00A6B02A /* TCPClient.m */; };
		5DC444422D165E3700A6B02A /* status-available.tiff in Resources */ = {isa = PBXBuildFile; fileRef = 5DC4443E2D165E3700A6B02A /* status-available.tiff */; };
		5DC444432D165E3700A6B02A /* status-away.tiff in Resources */ = {isa = PBXBuildFile; fileRef = 5DC4443F2D165E3700A6B02A /* status-away.tiff */; };
		5DC444442D165E3700A6B02A /* status-idle.tiff in Resources */ = {isa = PBXBuildFile; fileRef = 5DC444402D165E3700A6B02A /* status-idle.tiff */; };
		5DC444452D165E3700A6B02A /* status-offline.tiff in Resources */ = {isa = PBXBuildFile; fileRef = 5DC444412D165E3700A6B02A /* status-offline.tiff */; };
		5DCC41ED2D1AEBF7009B8304 /* Uppercut.icns in Resources */ = {isa = PBXBuildFile; fileRef = 5DCC41EC2D1AEBF6009B8304 /* Uppercut.icns */; };
		5DFED2FE2D1A53530028A0F1 /* FTPListParser.m in Sources */ = {isa = PBXBuildFile; fileRef = 5DFED2FD2D1A53530028A0F1 /* FTPListParser.m */; };
		8D11072A0486CEB800E47090 /* MainMenu.nib in Resources */ = {isa = PBXBuildFile; fileRef = 29B97318FDCFA39411CA2CEA /* MainMenu.nib */; };
		8D11072B0486CEB800E47090 /* InfoPlist.strings in Resources */ = {isa = PBXBuildFile; fileRef = 089C165CFE840E0CC02AAC07 /* InfoPlist.strings */; };
		8D11072D0486CEB800E47090 /* main.m in Sources */ = {isa = PBXBuildFile; fileRef = 29B97316FDCFA39411CA2CEA /* main.m */; settings = {ATTRIBUTES = (); }; };
		8D11072F0486CEB800E47090 /* Cocoa.framework in Frameworks */ = {isa = PBXBuildFile; fileRef = 1058C7A1FEA54F0111CA2CBB /* Cocoa.framework */; };
/* End PBXBuildFile section */

/* Begin PBXFileReference section */
		089C165DFE840E0CC02AAC07 /* English */ = {isa = PBXFileReference; fileEncoding = 10; lastKnownFileType = text.plist.strings; name = English; path = English.lproj/InfoPlist.strings; sourceTree = "<group>"; };
		1058C7A1FEA54F0111CA2CBB /* Cocoa.framework */ = {isa = PBXFileReference; lastKnownFileType = wrapper.framework; name = Cocoa.framework; path = /System/Library/Frameworks/Cocoa.framework; sourceTree = "<absolute>"; };
		13E42FB307B3F0F600E4EEF1 /* CoreData.framework */ = {isa = PBXFileReference; lastKnownFileType = wrapper.framework; name = CoreData.framework; path = /System/Library/Frameworks/CoreData.framework; sourceTree = "<absolute>"; };
		29B97316FDCFA39411CA2CEA /* main.m */ = {isa = PBXFileReference; fileEncoding = 4; lastKnownFileType = sourcecode.c.objc; path = main.m; sourceTree = "<group>"; };
		29B97319FDCFA39411CA2CEA /* English */ = {isa = PBXFileReference; lastKnownFileType = wrapper.nib; name = English; path = English.lproj/MainMenu.nib; sourceTree = "<group>"; };
		29B97324FDCFA39411CA2CEA /* AppKit.framework */ = {isa = PBXFileReference; lastKnownFileType = wrapper.framework; name = AppKit.framework; path = /System/Library/Frameworks/AppKit.framework; sourceTree = "<absolute>"; };
		29B97325FDCFA39411CA2CEA /* Foundation.framework */ = {isa = PBXFileReference; lastKnownFileType = wrapper.framework; name = Foundation.framework; path = /System/Library/Frameworks/Foundation.framework; sourceTree = "<absolute>"; };
		32CA4F630368D1EE00C91783 /* Uppercut_Prefix.pch */ = {isa = PBXFileReference; fileEncoding = 4; lastKnownFileType = sourcecode.c.h; path = Uppercut_Prefix.pch; sourceTree = "<group>"; };
		5D02D0302D19F7BF0030B544 /* FTPBrowserController.h */ = {isa = PBXFileReference; fileEncoding = 30; lastKnownFileType = sourcecode.c.h; name = FTPBrowserController.h; path = Source/FTPBrowserController.h; sourceTree = "<group>"; };
		5D02D0312D19F7BF0030B544 /* FTPBrowserController.m */ = {isa = PBXFileReference; fileEncoding = 30; lastKnownFileType = sourcecode.c.objc; name = FTPBrowserController.m; path = Source/FTPBrowserController.m; sourceTree = "<group>"; };
		5D0D4C152D16EC8A00BB9BA8 /* NetworkStatusController.h */ = {isa = PBXFileReference; fileEncoding = 30; lastKnownFileType = sourcecode.c.h; name = NetworkStatusController.h; path = Source/NetworkStatusController.h; sourceTree = "<group>"; };
		5D0D4C162D16EC8A00BB9BA8 /* NetworkStatusController.m */ = {isa = PBXFileReference; fileEncoding = 30; lastKnownFileType = sourcecode.c.objc; name = NetworkStatusController.m; path = Source/NetworkStatusController.m; sourceTree = "<group>"; };
		5D0D4C172D16EC8A00BB9BA8 /* NetworkStatusEnum.h */ = {isa = PBXFileReference; fileEncoding = 30; lastKnownFileType = sourcecode.c.h; name = NetworkStatusEnum.h; path = Source/NetworkStatusEnum.h; sourceTree = "<group>"; };
		5D12D8512D174DF900CA148D /* IRCClient.h */ = {isa = PBXFileReference; fileEncoding = 30; lastKnownFileType = sourcecode.c.h; name = IRCClient.h; path = Source/IRCClient.h; sourceTree = "<group>"; };
		5D12D8522D174DF900CA148D /* IRCClient.m */ = {isa = PBXFileReference; fileEncoding = 30; lastKnownFileType = sourcecode.c.objc; name = IRCClient.m; path = Source/IRCClient.m; sourceTree = "<group>"; };
		5D5E9A212D198D5A00FF4EE3 /* IRCClientDelegate.h */ = {isa = PBXFileReference; fileEncoding = 30; lastKnownFileType = sourcecode.c.h; name = IRCClientDelegate.h; path = Source/IRCClientDelegate.h; sourceTree = "<group>"; };
		5D6A46722D1994F90001639D /* FTPClient.h */ = {isa = PBXFileReference; fileEncoding = 30; lastKnownFileType = sourcecode.c.h; name = FTPClient.h; path = Source/FTPClient.h; sourceTree = "<group>"; };
		5D6A46732D1994F90001639D /* FTPClient.m */ = {isa = PBXFileReference; fileEncoding = 30; lastKnownFileType = sourcecode.c.objc; name = FTPClient.m; path = Source/FTPClient.m; sourceTree = "<group>"; };
		5D6A46742D1994F90001639D /* FTPClientDelegate.h */ = {isa = PBXFileReference; fileEncoding = 30; lastKnownFileType = sourcecode.c.h; name = FTPClientDelegate.h; path = Source/FTPClientDelegate.h; sourceTree = "<group>"; };
		5D7011E12D17A76E00DEA217 /* Logger.h */ = {isa = PBXFileReference; fileEncoding = 30; lastKnownFileType = sourcecode.c.h; name = Logger.h; path = Source/Logger.h; sourceTree = "<group>"; };
		5D7011E22D17A77E00DEA217 /* Logger.m */ = {isa = PBXFileReference; fileEncoding = 30; lastKnownFileType = sourcecode.c.objc; name = Logger.m; path = Source/Logger.m; sourceTree = "<group>"; };
		5DA3B6FE2D19A2D80088147D /* CoreServices.framework */ = {isa = PBXFileReference; lastKnownFileType = wrapper.framework; name = CoreServices.framework; path = /System/Library/Frameworks/CoreServices.framework; sourceTree = "<absolute>"; };
		5DB07EE62D2C64D4009ED038 /* DownloadViewController.h */ = {isa = PBXFileReference; fileEncoding = 4; lastKnownFileType = sourcecode.c.h; name = DownloadViewController.h; path = Source/DownloadViewController.h; sourceTree = "<group>"; };
		5DB07EE72D2C64D4009ED038 /* DownloadViewController.m */ = {isa = PBXFileReference; fileEncoding = 4; lastKnownFileType = sourcecode.c.objc; name = DownloadViewController.m; path = Source/DownloadViewController.m; sourceTree = "<group>"; };
		5DC443F52D1655CA00A6B02A /* Controller.h */ = {isa = PBXFileReference; fileEncoding = 30; lastKnownFileType = sourcecode.c.h; name = Controller.h; path = Source/Controller.h; sourceTree = "<group>"; };
		5DC443F62D1655CA00A6B02A /* Controller.m */ = {isa = PBXFileReference; fileEncoding = 30; lastKnownFileType = sourcecode.c.objc; name = Controller.m; path = Source/Controller.m; sourceTree = "<group>"; };
		5DC443F72D1655CA00A6B02A /* TCPClient.h */ = {isa = PBXFileReference; fileEncoding = 30; lastKnownFileType = sourcecode.c.h; name = TCPClient.h; path = Source/TCPClient.h; sourceTree = "<group>"; };
		5DC443F82D1655CA00A6B02A /* TCPClient.m */ = {isa = PBXFileReference; fileEncoding = 30; lastKnownFileType = sourcecode.c.objc; name = TCPClient.m; path = Source/TCPClient.m; sourceTree = "<group>"; };
		5DC443F92D1655CA00A6B02A /* TCPClientDelegate.h */ = {isa = PBXFileReference; fileEncoding = 30; lastKnownFileType = sourcecode.c.h; name = TCPClientDelegate.h; path = Source/TCPClientDelegate.h; sourceTree = "<group>"; };
		5DC4443E2D165E3700A6B02A /* status-available.tiff */ = {isa = PBXFileReference; lastKnownFileType = image.tiff; name = "status-available.tiff"; path = "Resources/status-available.tiff"; sourceTree = "<group>"; };
		5DC4443F2D165E3700A6B02A /* status-away.tiff */ = {isa = PBXFileReference; lastKnownFileType = image.tiff; name = "status-away.tiff"; path = "Resources/status-away.tiff"; sourceTree = "<group>"; };
		5DC444402D165E3700A6B02A /* status-idle.tiff */ = {isa = PBXFileReference; lastKnownFileType = image.tiff; name = "status-idle.tiff"; path = "Resources/status-idle.tiff"; sourceTree = "<group>"; };
		5DC444412D165E3700A6B02A /* status-offline.tiff */ = {isa = PBXFileReference; lastKnownFileType = image.tiff; name = "status-offline.tiff"; path = "Resources/status-offline.tiff"; sourceTree = "<group>"; };
		5DCC41EC2D1AEBF6009B8304 /* Uppercut.icns */ = {isa = PBXFileReference; lastKnownFileType = image.icns; name = Uppercut.icns; path = Resources/Uppercut.icns; sourceTree = "<group>"; };
		5DFED2FC2D1A53530028A0F1 /* FTPListParser.h */ = {isa = PBXFileReference; fileEncoding = 30; lastKnownFileType = sourcecode.c.h; name = FTPListParser.h; path = Source/FTPListParser.h; sourceTree = "<group>"; };
		5DFED2FD2D1A53530028A0F1 /* FTPListParser.m */ = {isa = PBXFileReference; fileEncoding = 30; lastKnownFileType = sourcecode.c.objc; name = FTPListParser.m; path = Source/FTPListParser.m; sourceTree = "<group>"; };
		8D1107310486CEB800E47090 /* Info.plist */ = {isa = PBXFileReference; fileEncoding = 4; lastKnownFileType = text.plist; path = Info.plist; sourceTree = "<group>"; };
		8D1107320486CEB800E47090 /* Uppercut.app */ = {isa = PBXFileReference; explicitFileType = wrapper.application; includeInIndex = 0; path = Uppercut.app; sourceTree = BUILT_PRODUCTS_DIR; };
/* End PBXFileReference section */

/* Begin PBXFrameworksBuildPhase section */
		8D11072E0486CEB800E47090 /* Frameworks */ = {
			isa = PBXFrameworksBuildPhase;
			buildActionMask = 2147483647;
			files = (
				8D11072F0486CEB800E47090 /* Cocoa.framework in Frameworks */,
				5DA3B6FF2D19A2D80088147D /* CoreServices.framework in Frameworks */,
			);
			runOnlyForDeploymentPostprocessing = 0;
		};
/* End PBXFrameworksBuildPhase section */

/* Begin PBXGroup section */
		080E96DDFE201D6D7F000001 /* Classes */ = {
			isa = PBXGroup;
			children = (
			);
			name = Classes;
			sourceTree = "<group>";
		};
		1058C7A0FEA54F0111CA2CBB /* Linked Frameworks */ = {
			isa = PBXGroup;
			children = (
				5DA3B6FE2D19A2D80088147D /* CoreServices.framework */,
				1058C7A1FEA54F0111CA2CBB /* Cocoa.framework */,
			);
			name = "Linked Frameworks";
			sourceTree = "<group>";
		};
		1058C7A2FEA54F0111CA2CBB /* Other Frameworks */ = {
			isa = PBXGroup;
			children = (
				29B97324FDCFA39411CA2CEA /* AppKit.framework */,
				13E42FB307B3F0F600E4EEF1 /* CoreData.framework */,
				29B97325FDCFA39411CA2CEA /* Foundation.framework */,
			);
			name = "Other Frameworks";
			sourceTree = "<group>";
		};
		19C28FACFE9D520D11CA2CBB /* Products */ = {
			isa = PBXGroup;
			children = (
				8D1107320486CEB800E47090 /* Uppercut.app */,
			);
			name = Products;
			sourceTree = "<group>";
		};
		29B97314FDCFA39411CA2CEA /* Uppercut */ = {
			isa = PBXGroup;
			children = (
				5D4D538B2D16550A0070DC05 /* Source */,
				080E96DDFE201D6D7F000001 /* Classes */,
				29B97315FDCFA39411CA2CEA /* Other Sources */,
				29B97317FDCFA39411CA2CEA /* Resources */,
				29B97323FDCFA39411CA2CEA /* Frameworks */,
				19C28FACFE9D520D11CA2CBB /* Products */,
			);
			name = Uppercut;
			sourceTree = "<group>";
		};
		29B97315FDCFA39411CA2CEA /* Other Sources */ = {
			isa = PBXGroup;
			children = (
				32CA4F630368D1EE00C91783 /* Uppercut_Prefix.pch */,
				29B97316FDCFA39411CA2CEA /* main.m */,
			);
			name = "Other Sources";
			sourceTree = "<group>";
		};
		29B97317FDCFA39411CA2CEA /* Resources */ = {
			isa = PBXGroup;
			children = (
				5DCC41EC2D1AEBF6009B8304 /* Uppercut.icns */,
				5DC4443E2D165E3700A6B02A /* status-available.tiff */,
				5DC4443F2D165E3700A6B02A /* status-away.tiff */,
				5DC444402D165E3700A6B02A /* status-idle.tiff */,
				5DC444412D165E3700A6B02A /* status-offline.tiff */,
				8D1107310486CEB800E47090 /* Info.plist */,
				089C165CFE840E0CC02AAC07 /* InfoPlist.strings */,
				29B97318FDCFA39411CA2CEA /* MainMenu.nib */,
			);
			name = Resources;
			sourceTree = "<group>";
		};
		29B97323FDCFA39411CA2CEA /* Frameworks */ = {
			isa = PBXGroup;
			children = (
				1058C7A0FEA54F0111CA2CBB /* Linked Frameworks */,
				1058C7A2FEA54F0111CA2CBB /* Other Frameworks */,
			);
			name = Frameworks;
			sourceTree = "<group>";
		};
		5D4D538B2D16550A0070DC05 /* Source */ = {
			isa = PBXGroup;
			children = (
				5DB07EE62D2C64D4009ED038 /* DownloadViewController.h */,
				5DB07EE72D2C64D4009ED038 /* DownloadViewController.m */,
				5DFED2FC2D1A53530028A0F1 /* FTPListParser.h */,
				5DFED2FD2D1A53530028A0F1 /* FTPListParser.m */,
				5D02D0302D19F7BF0030B544 /* FTPBrowserController.h */,
				5D02D0312D19F7BF0030B544 /* FTPBrowserController.m */,
				5D6A46722D1994F90001639D /* FTPClient.h */,
				5D6A46732D1994F90001639D /* FTPClient.m */,
				5D6A46742D1994F90001639D /* FTPClientDelegate.h */,
				5D5E9A212D198D5A00FF4EE3 /* IRCClientDelegate.h */,
				5D12D8512D174DF900CA148D /* IRCClient.h */,
				5D12D8522D174DF900CA148D /* IRCClient.m */,
				5D0D4C152D16EC8A00BB9BA8 /* NetworkStatusController.h */,
				5D0D4C162D16EC8A00BB9BA8 /* NetworkStatusController.m */,
				5D0D4C172D16EC8A00BB9BA8 /* NetworkStatusEnum.h */,
				5DC443F52D1655CA00A6B02A /* Controller.h */,
				5DC443F62D1655CA00A6B02A /* Controller.m */,
				5DC443F72D1655CA00A6B02A /* TCPClient.h */,
				5DC443F82D1655CA00A6B02A /* TCPClient.m */,
				5DC443F92D1655CA00A6B02A /* TCPClientDelegate.h */,
				5D7011E12D17A76E00DEA217 /* Logger.h */,
				5D7011E22D17A77E00DEA217 /* Logger.m */,
			);
			name = Source;
			sourceTree = "<group>";
		};
/* End PBXGroup section */

/* Begin PBXNativeTarget section */
		8D1107260486CEB800E47090 /* Uppercut */ = {
			isa = PBXNativeTarget;
			buildConfigurationList = C01FCF4A08A954540054247B /* Build configuration list for PBXNativeTarget "Uppercut" */;
			buildPhases = (
				8D1107290486CEB800E47090 /* Resources */,
				8D11072C0486CEB800E47090 /* Sources */,
				8D11072E0486CEB800E47090 /* Frameworks */,
			);
			buildRules = (
			);
			dependencies = (
			);
			name = Uppercut;
			productInstallPath = "$(HOME)/Applications";
			productName = Uppercut;
			productReference = 8D1107320486CEB800E47090 /* Uppercut.app */;
			productType = "com.apple.product-type.application";
		};
/* End PBXNativeTarget section */

/* Begin PBXProject section */
		29B97313FDCFA39411CA2CEA /* Project object */ = {
			isa = PBXProject;
			buildConfigurationList = C01FCF4E08A954540054247B /* Build configuration list for PBXProject "uppercut" */;
			hasScannedForEncodings = 1;
			mainGroup = 29B97314FDCFA39411CA2CEA /* Uppercut */;
			projectDirPath = "";
			targets = (
				8D1107260486CEB800E47090 /* Uppercut */,
			);
		};
/* End PBXProject section */

/* Begin PBXResourcesBuildPhase section */
		8D1107290486CEB800E47090 /* Resources */ = {
			isa = PBXResourcesBuildPhase;
			buildActionMask = 2147483647;
			files = (
				8D11072A0486CEB800E47090 /* MainMenu.nib in Resources */,
				8D11072B0486CEB800E47090 /* InfoPlist.strings in Resources */,
				5DC444422D165E3700A6B02A /* status-available.tiff in Resources */,
				5DC444432D165E3700A6B02A /* status-away.tiff in Resources */,
				5DC444442D165E3700A6B02A /* status-idle.tiff in Resources */,
				5DC444452D165E3700A6B02A /* status-offline.tiff in Resources */,
				5DCC41ED2D1AEBF7009B8304 /* Uppercut.icns in Resources */,
			);
			runOnlyForDeploymentPostprocessing = 0;
		};
/* End PBXResourcesBuildPhase section */

/* Begin PBXSourcesBuildPhase section */
		8D11072C0486CEB800E47090 /* Sources */ = {
			isa = PBXSourcesBuildPhase;
			buildActionMask = 2147483647;
			files = (
				8D11072D0486CEB800E47090 /* main.m in Sources */,
				5DC443FA2D1655CA00A6B02A /* Controller.m in Sources */,
				5DC443FB2D1655CA00A6B02A /* TCPClient.m in Sources */,
				5D0D4C182D16EC8A00BB9BA8 /* NetworkStatusController.m in Sources */,
				5D12D8532D174DF900CA148D /* IRCClient.m in Sources */,
				5D7011E32D17A77E00DEA217 /* Logger.m in Sources */,
				5D6A46752D1994F90001639D /* FTPClient.m in Sources */,
				5D02D0322D19F7BF0030B544 /* FTPBrowserController.m in Sources */,
				5DFED2FE2D1A53530028A0F1 /* FTPListParser.m in Sources */,
				5DB07EE82D2C64D4009ED038 /* DownloadViewController.m in Sources */,
			);
			runOnlyForDeploymentPostprocessing = 0;
		};
/* End PBXSourcesBuildPhase section */

/* Begin PBXVariantGroup section */
		089C165CFE840E0CC02AAC07 /* InfoPlist.strings */ = {
			isa = PBXVariantGroup;
			children = (
				089C165DFE840E0CC02AAC07 /* English */,
			);
			name = InfoPlist.strings;
			sourceTree = "<group>";
		};
		29B97318FDCFA39411CA2CEA /* MainMenu.nib */ = {
			isa = PBXVariantGroup;
			children = (
				29B97319FDCFA39411CA2CEA /* English */,
			);
			name = MainMenu.nib;
			sourceTree = "<group>";
		};
/* End PBXVariantGroup section */

/* Begin XCBuildConfiguration section */
		C01FCF4B08A954540054247B /* Debug */ = {
			isa = XCBuildConfiguration;
			buildSettings = {
				COPY_PHASE_STRIP = NO;
				FRAMEWORK_SEARCH_PATHS = (
					"$(inherited)",
					"$(FRAMEWORK_SEARCH_PATHS_QUOTED_FOR_TARGET_1)",
				);
				FRAMEWORK_SEARCH_PATHS_QUOTED_FOR_TARGET_1 = "\"$(SYSTEM_LIBRARY_DIR)/Frameworks/CoreServices.framework/Versions/A/Frameworks\"";
				GCC_DYNAMIC_NO_PIC = NO;
				GCC_ENABLE_FIX_AND_CONTINUE = YES;
				GCC_MODEL_TUNING = G5;
				GCC_OPTIMIZATION_LEVEL = 0;
				GCC_TREAT_WARNINGS_AS_ERRORS = NO;
				HEADER_SEARCH_PATHS = /System/Library/Frameworks/CoreServices.framework/Frameworks/CFNetwork.framework/Headers;
				INFOPLIST_FILE = Info.plist;
				INSTALL_PATH = "$(HOME)/Applications";
				PRODUCT_NAME = Uppercut;
				WRAPPER_EXTENSION = app;
				ZERO_LINK = YES;
			};
			name = Debug;
		};
		C01FCF4C08A954540054247B /* Release */ = {
			isa = XCBuildConfiguration;
			buildSettings = {
				ARCHS = (
					ppc,
					i386,
				);
				FRAMEWORK_SEARCH_PATHS = (
					"$(inherited)",
					"$(FRAMEWORK_SEARCH_PATHS_QUOTED_FOR_TARGET_1)",
				);
				FRAMEWORK_SEARCH_PATHS_QUOTED_FOR_TARGET_1 = "\"$(SYSTEM_LIBRARY_DIR)/Frameworks/CoreServices.framework/Versions/A/Frameworks\"";
				GCC_GENERATE_DEBUGGING_SYMBOLS = NO;
				GCC_MODEL_TUNING = G5;
				GCC_TREAT_WARNINGS_AS_ERRORS = NO;
				HEADER_SEARCH_PATHS = /System/Library/Frameworks/CoreServices.framework/Frameworks/CFNetwork.framework/Headers;
				INFOPLIST_FILE = Info.plist;
				INSTALL_PATH = "$(HOME)/Applications";
				PRODUCT_NAME = Uppercut;
				WRAPPER_EXTENSION = app;
			};
			name = Release;
		};
		C01FCF4F08A954540054247B /* Debug */ = {
			isa = XCBuildConfiguration;
			buildSettings = {
				GCC_WARN_ABOUT_RETURN_TYPE = YES;
				GCC_WARN_UNUSED_VARIABLE = YES;
				PREBINDING = NO;
				SDKROOT = /Developer/SDKs/MacOSX10.4u.sdk;
			};
			name = Debug;
		};
		C01FCF5008A954540054247B /* Release */ = {
			isa = XCBuildConfiguration;
			buildSettings = {
				GCC_WARN_ABOUT_RETURN_TYPE = YES;
				GCC_WARN_UNUSED_VARIABLE = YES;
				PREBINDING = NO;
				SDKROOT = /Developer/SDKs/MacOSX10.4u.sdk;
			};
			name = Release;
		};
/* End XCBuildConfiguration section */

/* Begin XCConfigurationList section */
		C01FCF4A08A954540054247B /* Build configuration list for PBXNativeTarget "Uppercut" */ = {
			isa = XCConfigurationList;
			buildConfigurations = (
				C01FCF4B08A954540054247B /* Debug */,
				C01FCF4C08A954540054247B /* Release */,
			);
			defaultConfigurationIsVisible = 0;
			defaultConfigurationName = Debug;
		};
		C01FCF4E08A954540054247B /* Build configuration list for PBXProject "uppercut" */ = {
			isa = XCConfigurationList;
			buildConfigurations = (
				C01FCF4F08A954540054247B /* Debug */,
				C01FCF5008A954540054247B /* Release */,
			);
			defaultConfigurationIsVisible = 0;
			defaultConfigurationName = Debug;
		};
/* End XCConfigurationList section */
	};
	rootObject = 29B97313FDCFA39411CA2CEA /* Project object */;
}
